
Microsoft Visual Studio Solution File, Format Version 12.00
# Visual Studio Version 16
VisualStudioVersion = 16.0.32002.261
MinimumVisualStudioVersion = 10.0.40219.1
Project("{9A19103F-16F7-4668-BE54-9A1E7A4F7556}") = "MVC_Project_220322", "MVC_Project_220322.csproj", "{37B66AB9-0F22-442F-A297-289F26747B46}"
EndProject
Global
	GlobalSection(SolutionConfigurationPlatforms) = preSolution
		Debug|Any CPU = Debug|Any CPU
		Release|Any CPU = Release|Any CPU
	EndGlobalSection
	GlobalSection(ProjectConfigurationPlatforms) = postSolution
		{37B66AB9-0F22-442F-A297-289F26747B46}.Debug|Any CPU.ActiveCfg = Debug|Any CPU
		{37B66AB9-0F22-442F-A297-289F26747B46}.Debug|Any CPU.Build.0 = Debug|Any CPU
		{37B66AB9-0F22-442F-A297-289F26747B46}.Release|Any CPU.ActiveCfg = Release|Any CPU
		{37B66AB9-0F22-442F-A297-289F26747B46}.Release|Any CPU.Build.0 = Release|Any CPU
	EndGlobalSection
	GlobalSection(SolutionProperties) = preSolution
		HideSolutionNode = FALSE
	EndGlobalSection
	GlobalSection(ExtensibilityGlobals) = postSolution
		SolutionGuid = {3A04D3DD-E151-4AC5-AFF1-27C587E0C4E1}
	EndGlobalSection
EndGlobal
